
Microsoft Visual Studio Solution File, Format Version 12.00
# Visual Studio Version 16
VisualStudioVersion = 16.0.31702.278
MinimumVisualStudioVersion = 10.0.40219.1
Project("{FAE04EC0-301F-11D3-BF4B-00C04F79EFBC}") = "CodeFirstAuth2", "CodeFirstAuth2.csproj", "{052388F4-345C-4D04-8C0D-1BF0C68BD4E1}"
EndProject
Global
	GlobalSection(SolutionConfigurationPlatforms) = preSolution
		Debug|Any CPU = Debug|Any CPU
		Release|Any CPU = Release|Any CPU
	EndGlobalSection
	GlobalSection(ProjectConfigurationPlatforms) = postSolution
		{052388F4-345C-4D04-8C0D-1BF0C68BD4E1}.Debug|Any CPU.ActiveCfg = Debug|Any CPU
		{052388F4-345C-4D04-8C0D-1BF0C68BD4E1}.Debug|Any CPU.Build.0 = Debug|Any CPU
		{052388F4-345C-4D04-8C0D-1BF0C68BD4E1}.Release|Any CPU.ActiveCfg = Release|Any CPU
		{052388F4-345C-4D04-8C0D-1BF0C68BD4E1}.Release|Any CPU.Build.0 = Release|Any CPU
	EndGlobalSection
	GlobalSection(SolutionProperties) = preSolution
		HideSolutionNode = FALSE
	EndGlobalSection
	GlobalSection(ExtensibilityGlobals) = postSolution
		SolutionGuid = {1381A860-5C65-4A26-8AC3-EB32FFCFB1D4}
	EndGlobalSection
EndGlobal
